<?xml version="1.0" encoding="utf-8"?>
<Project ToolsVersion="4.0" xmlns="http://schemas.microsoft.com/developer/msbuild/2003">
  <ItemGroup>
    <Filter Include="Source Files">
      <UniqueIdentifier>{4FC737F1-C7A5-4376-A066-2A32D752A2FF}</UniqueIdentifier>
      <Extensions>cpp;c;cc;cxx;def;odl;idl;hpj;bat;asm;asmx</Extensions>
    </Filter>
    <Filter Include="Header Files">
      <UniqueIdentifier>{93995380-89BD-4b04-88EB-625FBE52EBFB}</UniqueIdentifier>
      <Extensions>h;hh;hpp;hxx;hm;inl;inc;xsd</Extensions>
    </Filter>
    <Filter Include="Resource Files">
      <UniqueIdentifier>{67DA6AB6-F800-4c08-8B7A-83BB121AAD01}</UniqueIdentifier>
      <Extensions>rc;ico;cur;bmp;dlg;rc2;rct;bin;rgs;gif;jpg;jpeg;jpe;resx;tiff;tif;png;wav;mfcribbon-ms</Extensions>
    </Filter>
    <Filter Include="Header Files\basic">
      <UniqueIdentifier>{5847690c-aef9-4109-88d0-22513ccfd4cb}</UniqueIdentifier>
    </Filter>
    <Filter Include="Source Files\basic">
      <UniqueIdentifier>{0a375074-fffe-46f1-99c8-0dd49ac0fcc6}</UniqueIdentifier>
    </Filter>
    <Filter Include="Source Files\shader">
      <UniqueIdentifier>{a427c7f9-e57c-4204-8d98-bf4187ea5ca7}</UniqueIdentifier>
    </Filter>
    <Filter Include="Source Files\imgui">
      <UniqueIdentifier>{3a36338f-5dc3-41b0-bf62-9622160a4cb3}</UniqueIdentifier>
    </Filter>
  </ItemGroup>
  <ItemGroup>
    <ClCompile Include="main.cpp">
      <Filter>Source Files</Filter>
    </ClCompile>
    <ClCompile Include="src\glad.c">
      <Filter>Source Files</Filter>
    </ClCompile>
    <ClCompile Include="src\basic\Transformation.cpp">
      <Filter>Source Files\basic</Filter>
    </ClCompile>
    <ClCompile Include="src\basic\Shader.cpp">
      <Filter>Source Files\basic</Filter>
    </ClCompile>
    <ClCompile Include="src\basic\TextureMaterial.cpp">
      <Filter>Source Files\basic</Filter>
    </ClCompile>
    <ClCompile Include="src\basic\SceneRenderer.cpp">
      <Filter>Source Files\basic</Filter>
    </ClCompile>
    <ClCompile Include="SceneSetting.cpp">
      <Filter>Source Files</Filter>
    </ClCompile>
    <ClCompile Include="src\Terrain.cpp">
      <Filter>Source Files</Filter>
    </ClCompile>
    <ClCompile Include="src\imgui\imgui.cpp">
      <Filter>Source Files\imgui</Filter>
    </ClCompile>
    <ClCompile Include="src\imgui\imgui_demo.cpp">
      <Filter>Source Files\imgui</Filter>
    </ClCompile>
    <ClCompile Include="src\imgui\imgui_draw.cpp">
      <Filter>Source Files\imgui</Filter>
    </ClCompile>
    <ClCompile Include="src\imgui\imgui_impl_glfw.cpp">
      <Filter>Source Files\imgui</Filter>
    </ClCompile>
    <ClCompile Include="src\imgui\imgui_impl_opengl3.cpp">
      <Filter>Source Files\imgui</Filter>
    </ClCompile>
    <ClCompile Include="src\imgui\imgui_tables.cpp">
      <Filter>Source Files\imgui</Filter>
    </ClCompile>
    <ClCompile Include="src\imgui\imgui_widgets.cpp">
      <Filter>Source Files\imgui</Filter>
    </ClCompile>
  </ItemGroup>
  <ItemGroup>
    <ClInclude Include="src\basic\IMaterial.h">
      <Filter>Header Files\basic</Filter>
    </ClInclude>
    <ClInclude Include="src\basic\SceneManager.h">
      <Filter>Header Files\basic</Filter>
    </ClInclude>
    <ClInclude Include="src\basic\Shader.h">
      <Filter>Header Files\basic</Filter>
    </ClInclude>
    <ClInclude Include="src\basic\TextureMaterial.h">
      <Filter>Header Files\basic</Filter>
    </ClInclude>
    <ClInclude Include="src\basic\SceneRenderer.h">
      <Filter>Header Files\basic</Filter>
    </ClInclude>
    <ClInclude Include="src\basic\Transformation.h">
      <Filter>Header Files\basic</Filter>
    </ClInclude>
    <ClInclude Include="SceneSetting.h">
      <Filter>Header Files</Filter>
    </ClInclude>
    <ClInclude Include="src\Terrain.h">
      <Filter>Header Files</Filter>
    </ClInclude>
    <ClInclude Include="src\imgui\imconfig.h">
      <Filter>Source Files\imgui</Filter>
    </ClInclude>
    <ClInclude Include="src\imgui\imgui.h">
      <Filter>Source Files\imgui</Filter>
    </ClInclude>
    <ClInclude Include="src\imgui\imgui_impl_glfw.h">
      <Filter>Source Files\imgui</Filter>
    </ClInclude>
    <ClInclude Include="src\imgui\imgui_impl_opengl3.h">
      <Filter>Source Files\imgui</Filter>
    </ClInclude>
    <ClInclude Include="src\imgui\imgui_impl_opengl3_loader.h">
      <Filter>Source Files\imgui</Filter>
    </ClInclude>
    <ClInclude Include="src\imgui\imgui_internal.h">
      <Filter>Source Files\imgui</Filter>
    </ClInclude>
    <ClInclude Include="src\imgui\imstb_rectpack.h">
      <Filter>Source Files\imgui</Filter>
    </ClInclude>
    <ClInclude Include="src\imgui\imstb_textedit.h">
      <Filter>Source Files\imgui</Filter>
    </ClInclude>
    <ClInclude Include="src\imgui\imstb_truetype.h">
      <Filter>Source Files\imgui</Filter>
    </ClInclude>
    <ClInclude Include="src\depth.h">
      <Filter>Header Files</Filter>
    </ClInclude>
  </ItemGroup>
  <ItemGroup>
    <None Include="src\shader\airplane.vs.glsl">
      <Filter>Source Files\shader</Filter>
    </None>
    <None Include="src\shader\airplane.fs.glsl">
      <Filter>Source Files\shader</Filter>
    </None>
    <None Include="src\shader\oglFragmentShader.glsl">
      <Filter>Source Files\shader</Filter>
    </None>
    <None Include="src\shader\oglVertexShader.glsl">
      <Filter>Source Files\shader</Filter>
    </None>
    <None Include="src\shader\house.fs.glsl">
      <Filter>Source Files\shader</Filter>
    </None>
    <None Include="src\shader\house.vs.glsl">
      <Filter>Source Files\shader</Filter>
    </None>
    <None Include="src\shader\water.fs.glsl">
      <Filter>Source Files\shader</Filter>
    </None>
    <None Include="src\shader\water.vs.glsl">
      <Filter>Source Files\shader</Filter>
    </None>
    <None Include="src\shader\depth.fs.glsl">
      <Filter>Source Files\shader</Filter>
    </None>
    <None Include="src\shader\depth.vs.glsl">
      <Filter>Source Files\shader</Filter>
    </None>
    <None Include="src\shader\view.fs.glsl">
      <Filter>Source Files\shader</Filter>
    </None>
    <None Include="src\shader\view.vs.glsl">
      <Filter>Source Files\shader</Filter>
    </None>
    <None Include="src\shader\sphere.fs.glsl">
      <Filter>Source Files\shader</Filter>
    </None>
    <None Include="src\shader\sphere.vs.glsl">
      <Filter>Source Files\shader</Filter>
    </None>
    <None Include="src\shader\gaussian.fs.glsl">
      <Filter>Source Files\shader</Filter>
    </None>
    <None Include="src\shader\gaussian.vs.glsl">
      <Filter>Source Files\shader</Filter>
    </None>
    <None Include="src\shader\plants.fs.glsl">
      <Filter>Source Files\shader</Filter>
    </None>
    <None Include="src\shader\plants.vs.glsl">
      <Filter>Source Files\shader</Filter>
    </None>
    <None Include="src\shader\depth2.vs.glsl">
      <Filter>Source Files\shader</Filter>
    </None>
    <None Include="src\shader\depth2.fs.glsl">
      <Filter>Source Files\shader</Filter>
    </None>
  </ItemGroup>
</Project>